
Microsoft Visual Studio Solution File, Format Version 12.00
Project("{FAE04EC0-301F-11D3-BF4B-00C04F79EFBC}") = "StackLab.Server", ".\StackLab.Server\StackLab.Server.csproj", "{39C4BD9D-199D-4A77-B3D5-1FA25A623164}"
EndProject
Global
	GlobalSection(SolutionConfigurationPlatforms) = preSolution
		Debug|Any CPU = Debug|Any CPU
		Release|Any CPU = Release|Any CPU
	EndGlobalSection
	GlobalSection(ProjectConfigurationPlatforms) = postSolution
		{39C4BD9D-199D-4A77-B3D5-1FA25A623164}.Debug|Any CPU.ActiveCfg = Debug|Any CPU
		{39C4BD9D-199D-4A77-B3D5-1FA25A623164}.Debug|Any CPU.Build.0 = Debug|Any CPU
		{39C4BD9D-199D-4A77-B3D5-1FA25A623164}.Release|Any CPU.ActiveCfg = Release|Any CPU
		{39C4BD9D-199D-4A77-B3D5-1FA25A623164}.Release|Any CPU.Build.0 = Release|Any CPU
	EndGlobalSection
EndGlobal
